
Microsoft Visual Studio Solution File, Format Version 12.00
# Visual Studio 15
VisualStudioVersion = 15.0.27130.0
MinimumVisualStudioVersion = 10.0.40219.1
Project("{FAE04EC0-301F-11D3-BF4B-00C04F79EFBC}") = "FireSafetyStore.Web.Client", "FireSafetyStore.Web.Client\FireSafetyStore.Web.Client.csproj", "{6A2AB8BD-EA78-46B2-8104-C337BEBBE12C}"
EndProject
Project("{2150E333-8FDC-42A3-9474-1A3956D46DE8}") = "src", "src", "{7B42921F-9481-4C52-A015-1E3EBAB1EE33}"
EndProject
Project("{2150E333-8FDC-42A3-9474-1A3956D46DE8}") = "database", "database", "{7F256948-10E8-4305-A157-C7A52972A369}"
EndProject
Project("{2150E333-8FDC-42A3-9474-1A3956D46DE8}") = "documentation", "documentation", "{F300C402-9978-481F-94CC-54A7514BBCBD}"
EndProject
Project("{00D1A9C2-B5F0-4AF3-8072-F6C62B433612}") = "FireSafetyStore.Database", "FireSafetyStore.Database\FireSafetyStore.Database.sqlproj", "{51EF8AA6-2044-4552-AD62-C4EFC639C916}"
EndProject
Project("{2150E333-8FDC-42A3-9474-1A3956D46DE8}") = "reports", "reports", "{5A0B69DE-9A52-49B1-91F8-9EE47B8B241B}"
EndProject
Global
	GlobalSection(SolutionConfigurationPlatforms) = preSolution
		Debug|Any CPU = Debug|Any CPU
		DebugLocal|Any CPU = DebugLocal|Any CPU
		Release|Any CPU = Release|Any CPU
	EndGlobalSection
	GlobalSection(ProjectConfigurationPlatforms) = postSolution
		{6A2AB8BD-EA78-46B2-8104-C337BEBBE12C}.Debug|Any CPU.ActiveCfg = Debug|Any CPU
		{6A2AB8BD-EA78-46B2-8104-C337BEBBE12C}.Debug|Any CPU.Build.0 = Debug|Any CPU
		{6A2AB8BD-EA78-46B2-8104-C337BEBBE12C}.DebugLocal|Any CPU.ActiveCfg = Debug|Any CPU
		{6A2AB8BD-EA78-46B2-8104-C337BEBBE12C}.DebugLocal|Any CPU.Build.0 = Debug|Any CPU
		{6A2AB8BD-EA78-46B2-8104-C337BEBBE12C}.Release|Any CPU.ActiveCfg = Release|Any CPU
		{6A2AB8BD-EA78-46B2-8104-C337BEBBE12C}.Release|Any CPU.Build.0 = Release|Any CPU
		{51EF8AA6-2044-4552-AD62-C4EFC639C916}.Debug|Any CPU.ActiveCfg = Debug|Any CPU
		{51EF8AA6-2044-4552-AD62-C4EFC639C916}.Debug|Any CPU.Build.0 = Debug|Any CPU
		{51EF8AA6-2044-4552-AD62-C4EFC639C916}.Debug|Any CPU.Deploy.0 = Debug|Any CPU
		{51EF8AA6-2044-4552-AD62-C4EFC639C916}.DebugLocal|Any CPU.ActiveCfg = Debug|Any CPU
		{51EF8AA6-2044-4552-AD62-C4EFC639C916}.DebugLocal|Any CPU.Build.0 = Debug|Any CPU
		{51EF8AA6-2044-4552-AD62-C4EFC639C916}.DebugLocal|Any CPU.Deploy.0 = Debug|Any CPU
		{51EF8AA6-2044-4552-AD62-C4EFC639C916}.Release|Any CPU.ActiveCfg = Release|Any CPU
		{51EF8AA6-2044-4552-AD62-C4EFC639C916}.Release|Any CPU.Build.0 = Release|Any CPU
		{51EF8AA6-2044-4552-AD62-C4EFC639C916}.Release|Any CPU.Deploy.0 = Release|Any CPU
	EndGlobalSection
	GlobalSection(SolutionProperties) = preSolution
		HideSolutionNode = FALSE
	EndGlobalSection
	GlobalSection(NestedProjects) = preSolution
		{6A2AB8BD-EA78-46B2-8104-C337BEBBE12C} = {7B42921F-9481-4C52-A015-1E3EBAB1EE33}
		{51EF8AA6-2044-4552-AD62-C4EFC639C916} = {7F256948-10E8-4305-A157-C7A52972A369}
	EndGlobalSection
	GlobalSection(ExtensibilityGlobals) = postSolution
		SolutionGuid = {F9C51C31-ED22-43EE-B423-12013274FDBF}
	EndGlobalSection
EndGlobal
